
Microsoft Visual Studio Solution File, Format Version 12.00
# Visual Studio Version 16
VisualStudioVersion = 16.0.30804.86
MinimumVisualStudioVersion = 10.0.40219.1
Project("{FAE04EC0-301F-11D3-BF4B-00C04F79EFBC}") = "CustomPrismApp", "CustomPrismApp\CustomPrismApp.csproj", "{F48F68A1-8292-48B1-B0F7-9C29DD12259D}"
EndProject
Project("{FAE04EC0-301F-11D3-BF4B-00C04F79EFBC}") = "CustomPrismApp.Core", "CustomPrismApp.Core\CustomPrismApp.Core.csproj", "{2D647AC8-454C-48B1-8279-169D7CCC1E60}"
EndProject
Global
	GlobalSection(SolutionConfigurationPlatforms) = preSolution
		Debug|Any CPU = Debug|Any CPU
		Release|Any CPU = Release|Any CPU
	EndGlobalSection
	GlobalSection(ProjectConfigurationPlatforms) = postSolution
		{F48F68A1-8292-48B1-B0F7-9C29DD12259D}.Debug|Any CPU.ActiveCfg = Debug|Any CPU
		{F48F68A1-8292-48B1-B0F7-9C29DD12259D}.Debug|Any CPU.Build.0 = Debug|Any CPU
		{F48F68A1-8292-48B1-B0F7-9C29DD12259D}.Release|Any CPU.ActiveCfg = Release|Any CPU
		{F48F68A1-8292-48B1-B0F7-9C29DD12259D}.Release|Any CPU.Build.0 = Release|Any CPU
		{2D647AC8-454C-48B1-8279-169D7CCC1E60}.Debug|Any CPU.ActiveCfg = Debug|Any CPU
		{2D647AC8-454C-48B1-8279-169D7CCC1E60}.Debug|Any CPU.Build.0 = Debug|Any CPU
		{2D647AC8-454C-48B1-8279-169D7CCC1E60}.Release|Any CPU.ActiveCfg = Release|Any CPU
		{2D647AC8-454C-48B1-8279-169D7CCC1E60}.Release|Any CPU.Build.0 = Release|Any CPU
	EndGlobalSection
	GlobalSection(SolutionProperties) = preSolution
		HideSolutionNode = FALSE
	EndGlobalSection
	GlobalSection(ExtensibilityGlobals) = postSolution
		SolutionGuid = {E161E4FF-D3BE-499D-95ED-F72DC798A51A}
	EndGlobalSection
EndGlobal
